
Microsoft Visual Studio Solution File, Format Version 12.00
# Visual Studio Version 17
VisualStudioVersion = 17.14.36202.13 d17.14
MinimumVisualStudioVersion = 10.0.40219.1
Project("{FAE04EC0-301F-11D3-BF4B-00C04F79EFBC}") = "GmailStyleWinFormsApp", "GmailStyleWinFormsApp.csproj", "{C45715FD-5D38-5ECB-0ED8-C59B4F773600}"
EndProject
Global
	GlobalSection(SolutionConfigurationPlatforms) = preSolution
		Debug|Any CPU = Debug|Any CPU
		Release|Any CPU = Release|Any CPU
	EndGlobalSection
	GlobalSection(ProjectConfigurationPlatforms) = postSolution
		{C45715FD-5D38-5ECB-0ED8-C59B4F773600}.Debug|Any CPU.ActiveCfg = Debug|Any CPU
		{C45715FD-5D38-5ECB-0ED8-C59B4F773600}.Debug|Any CPU.Build.0 = Debug|Any CPU
		{C45715FD-5D38-5ECB-0ED8-C59B4F773600}.Release|Any CPU.ActiveCfg = Release|Any CPU
		{C45715FD-5D38-5ECB-0ED8-C59B4F773600}.Release|Any CPU.Build.0 = Release|Any CPU
	EndGlobalSection
	GlobalSection(SolutionProperties) = preSolution
		HideSolutionNode = FALSE
	EndGlobalSection
	GlobalSection(ExtensibilityGlobals) = postSolution
		SolutionGuid = {670BCC65-BBED-48D9-B32C-783F8300ACCF}
	EndGlobalSection
EndGlobal
